
Microsoft Visual Studio Solution File, Format Version 12.00
# Visual Studio Version 17
VisualStudioVersion = 17.0.31903.59
MinimumVisualStudioVersion = 10.0.40219.1
Project("{2150E333-8FDC-42A3-9474-1A3956D46DE8}") = "client", "client", "{827E0CD3-B72D-47B6-A68D-7590B98EB39B}"
EndProject
Project("{FAE04EC0-301F-11D3-BF4B-00C04F79EFBC}") = "JAHTTPClient", "client\JAHTTPClient\JAHTTPClient.csproj", "{7C7BDCAC-9441-44BA-A721-84BCDD41D98D}"
EndProject
Project("{2150E333-8FDC-42A3-9474-1A3956D46DE8}") = "sniffer", "sniffer", "{2C7E71C1-EE9B-4EC3-B116-2029219C4063}"
EndProject
Project("{FAE04EC0-301F-11D3-BF4B-00C04F79EFBC}") = "JASniffer.Core", "sniffer\JASniffer.Core\JASniffer.Core.csproj", "{C03AF93A-20E0-4964-8B69-CDA96414656A}"
EndProject
Project("{FAE04EC0-301F-11D3-BF4B-00C04F79EFBC}") = "JASniffer.Proxy", "sniffer\JASniffer.Proxy\JASniffer.Proxy.csproj", "{1F85D23B-3B07-4808-B326-D10F8A34EEA1}"
EndProject
Project("{FAE04EC0-301F-11D3-BF4B-00C04F79EFBC}") = "JASniffer.Web", "sniffer\JASniffer.Web\JASniffer.Web.csproj", "{56CE3B2A-1278-44F1-A8A5-53825BCC2557}"
EndProject
Project("{FAE04EC0-301F-11D3-BF4B-00C04F79EFBC}") = "JASniffer.Tests", "sniffer\JASniffer.Tests\JASniffer.Tests.csproj", "{0517A6F6-B86F-430C-9E23-DDF06388B799}"
EndProject
Global
	GlobalSection(SolutionConfigurationPlatforms) = preSolution
		Debug|Any CPU = Debug|Any CPU
		Debug|x64 = Debug|x64
		Debug|x86 = Debug|x86
		Release|Any CPU = Release|Any CPU
		Release|x64 = Release|x64
		Release|x86 = Release|x86
	EndGlobalSection
	GlobalSection(ProjectConfigurationPlatforms) = postSolution
		{7C7BDCAC-9441-44BA-A721-84BCDD41D98D}.Debug|Any CPU.ActiveCfg = Debug|Any CPU
		{7C7BDCAC-9441-44BA-A721-84BCDD41D98D}.Debug|Any CPU.Build.0 = Debug|Any CPU
		{7C7BDCAC-9441-44BA-A721-84BCDD41D98D}.Debug|x64.ActiveCfg = Debug|Any CPU
		{7C7BDCAC-9441-44BA-A721-84BCDD41D98D}.Debug|x64.Build.0 = Debug|Any CPU
		{7C7BDCAC-9441-44BA-A721-84BCDD41D98D}.Debug|x86.ActiveCfg = Debug|Any CPU
		{7C7BDCAC-9441-44BA-A721-84BCDD41D98D}.Debug|x86.Build.0 = Debug|Any CPU
		{7C7BDCAC-9441-44BA-A721-84BCDD41D98D}.Release|Any CPU.ActiveCfg = Release|Any CPU
		{7C7BDCAC-9441-44BA-A721-84BCDD41D98D}.Release|Any CPU.Build.0 = Release|Any CPU
		{7C7BDCAC-9441-44BA-A721-84BCDD41D98D}.Release|x64.ActiveCfg = Release|Any CPU
		{7C7BDCAC-9441-44BA-A721-84BCDD41D98D}.Release|x64.Build.0 = Release|Any CPU
		{7C7BDCAC-9441-44BA-A721-84BCDD41D98D}.Release|x86.ActiveCfg = Release|Any CPU
		{7C7BDCAC-9441-44BA-A721-84BCDD41D98D}.Release|x86.Build.0 = Release|Any CPU
		{C03AF93A-20E0-4964-8B69-CDA96414656A}.Debug|Any CPU.ActiveCfg = Debug|Any CPU
		{C03AF93A-20E0-4964-8B69-CDA96414656A}.Debug|Any CPU.Build.0 = Debug|Any CPU
		{C03AF93A-20E0-4964-8B69-CDA96414656A}.Debug|x64.ActiveCfg = Debug|Any CPU
		{C03AF93A-20E0-4964-8B69-CDA96414656A}.Debug|x64.Build.0 = Debug|Any CPU
		{C03AF93A-20E0-4964-8B69-CDA96414656A}.Debug|x86.ActiveCfg = Debug|Any CPU
		{C03AF93A-20E0-4964-8B69-CDA96414656A}.Debug|x86.Build.0 = Debug|Any CPU
		{C03AF93A-20E0-4964-8B69-CDA96414656A}.Release|Any CPU.ActiveCfg = Release|Any CPU
		{C03AF93A-20E0-4964-8B69-CDA96414656A}.Release|Any CPU.Build.0 = Release|Any CPU
		{C03AF93A-20E0-4964-8B69-CDA96414656A}.Release|x64.ActiveCfg = Release|Any CPU
		{C03AF93A-20E0-4964-8B69-CDA96414656A}.Release|x64.Build.0 = Release|Any CPU
		{C03AF93A-20E0-4964-8B69-CDA96414656A}.Release|x86.ActiveCfg = Release|Any CPU
		{C03AF93A-20E0-4964-8B69-CDA96414656A}.Release|x86.Build.0 = Release|Any CPU
		{1F85D23B-3B07-4808-B326-D10F8A34EEA1}.Debug|Any CPU.ActiveCfg = Debug|Any CPU
		{1F85D23B-3B07-4808-B326-D10F8A34EEA1}.Debug|Any CPU.Build.0 = Debug|Any CPU
		{1F85D23B-3B07-4808-B326-D10F8A34EEA1}.Debug|x64.ActiveCfg = Debug|Any CPU
		{1F85D23B-3B07-4808-B326-D10F8A34EEA1}.Debug|x64.Build.0 = Debug|Any CPU
		{1F85D23B-3B07-4808-B326-D10F8A34EEA1}.Debug|x86.ActiveCfg = Debug|Any CPU
		{1F85D23B-3B07-4808-B326-D10F8A34EEA1}.Debug|x86.Build.0 = Debug|Any CPU
		{1F85D23B-3B07-4808-B326-D10F8A34EEA1}.Release|Any CPU.ActiveCfg = Release|Any CPU
		{1F85D23B-3B07-4808-B326-D10F8A34EEA1}.Release|Any CPU.Build.0 = Release|Any CPU
		{1F85D23B-3B07-4808-B326-D10F8A34EEA1}.Release|x64.ActiveCfg = Release|Any CPU
		{1F85D23B-3B07-4808-B326-D10F8A34EEA1}.Release|x64.Build.0 = Release|Any CPU
		{1F85D23B-3B07-4808-B326-D10F8A34EEA1}.Release|x86.ActiveCfg = Release|Any CPU
		{1F85D23B-3B07-4808-B326-D10F8A34EEA1}.Release|x86.Build.0 = Release|Any CPU
		{56CE3B2A-1278-44F1-A8A5-53825BCC2557}.Debug|Any CPU.ActiveCfg = Debug|Any CPU
		{56CE3B2A-1278-44F1-A8A5-53825BCC2557}.Debug|Any CPU.Build.0 = Debug|Any CPU
		{56CE3B2A-1278-44F1-A8A5-53825BCC2557}.Debug|x64.ActiveCfg = Debug|Any CPU
		{56CE3B2A-1278-44F1-A8A5-53825BCC2557}.Debug|x64.Build.0 = Debug|Any CPU
		{56CE3B2A-1278-44F1-A8A5-53825BCC2557}.Debug|x86.ActiveCfg = Debug|Any CPU
		{56CE3B2A-1278-44F1-A8A5-53825BCC2557}.Debug|x86.Build.0 = Debug|Any CPU
		{56CE3B2A-1278-44F1-A8A5-53825BCC2557}.Release|Any CPU.ActiveCfg = Release|Any CPU
		{56CE3B2A-1278-44F1-A8A5-53825BCC2557}.Release|Any CPU.Build.0 = Release|Any CPU
		{56CE3B2A-1278-44F1-A8A5-53825BCC2557}.Release|x64.ActiveCfg = Release|Any CPU
		{56CE3B2A-1278-44F1-A8A5-53825BCC2557}.Release|x64.Build.0 = Release|Any CPU
		{56CE3B2A-1278-44F1-A8A5-53825BCC2557}.Release|x86.ActiveCfg = Release|Any CPU
		{56CE3B2A-1278-44F1-A8A5-53825BCC2557}.Release|x86.Build.0 = Release|Any CPU
		{0517A6F6-B86F-430C-9E23-DDF06388B799}.Debug|Any CPU.ActiveCfg = Debug|Any CPU
		{0517A6F6-B86F-430C-9E23-DDF06388B799}.Debug|Any CPU.Build.0 = Debug|Any CPU
		{0517A6F6-B86F-430C-9E23-DDF06388B799}.Debug|x64.ActiveCfg = Debug|Any CPU
		{0517A6F6-B86F-430C-9E23-DDF06388B799}.Debug|x64.Build.0 = Debug|Any CPU
		{0517A6F6-B86F-430C-9E23-DDF06388B799}.Debug|x86.ActiveCfg = Debug|Any CPU
		{0517A6F6-B86F-430C-9E23-DDF06388B799}.Debug|x86.Build.0 = Debug|Any CPU
		{0517A6F6-B86F-430C-9E23-DDF06388B799}.Release|Any CPU.ActiveCfg = Release|Any CPU
		{0517A6F6-B86F-430C-9E23-DDF06388B799}.Release|Any CPU.Build.0 = Release|Any CPU
		{0517A6F6-B86F-430C-9E23-DDF06388B799}.Release|x64.ActiveCfg = Release|Any CPU
		{0517A6F6-B86F-430C-9E23-DDF06388B799}.Release|x64.Build.0 = Release|Any CPU
		{0517A6F6-B86F-430C-9E23-DDF06388B799}.Release|x86.ActiveCfg = Release|Any CPU
		{0517A6F6-B86F-430C-9E23-DDF06388B799}.Release|x86.Build.0 = Release|Any CPU
	EndGlobalSection
	GlobalSection(SolutionProperties) = preSolution
		HideSolutionNode = FALSE
	EndGlobalSection
	GlobalSection(NestedProjects) = preSolution
		{7C7BDCAC-9441-44BA-A721-84BCDD41D98D} = {827E0CD3-B72D-47B6-A68D-7590B98EB39B}
		{C03AF93A-20E0-4964-8B69-CDA96414656A} = {2C7E71C1-EE9B-4EC3-B116-2029219C4063}
		{1F85D23B-3B07-4808-B326-D10F8A34EEA1} = {2C7E71C1-EE9B-4EC3-B116-2029219C4063}
		{56CE3B2A-1278-44F1-A8A5-53825BCC2557} = {2C7E71C1-EE9B-4EC3-B116-2029219C4063}
		{0517A6F6-B86F-430C-9E23-DDF06388B799} = {2C7E71C1-EE9B-4EC3-B116-2029219C4063}
	EndGlobalSection
EndGlobal
